// !$*UTF8*$!
{
	archiveVersion = 1;
	classes = {
	};
	objectVersion = 50;
	objects = {

/* Begin PBXBuildFile section */
		110FABF5260E055200BFD6C1 /* AppDelegate.swift in Sources */ = {isa = PBXBuildFile; fileRef = 110FABF4260E055200BFD6C1 /* AppDelegate.swift */; };
		110FABF9260E055200BFD6C1 /* MainViewController.swift in Sources */ = {isa = PBXBuildFile; fileRef = 110FABF8260E055200BFD6C1 /* MainViewController.swift */; };
		110FABFC260E055200BFD6C1 /* Main.storyboard in Resources */ = {isa = PBXBuildFile; fileRef = 110FABFA260E055200BFD6C1 /* Main.storyboard */; };
		110FABFE260E055300BFD6C1 /* Assets.xcassets in Resources */ = {isa = PBXBuildFile; fileRef = 110FABFD260E055300BFD6C1 /* Assets.xcassets */; };
		110FAC01260E055300BFD6C1 /* LaunchScreen.storyboard in Resources */ = {isa = PBXBuildFile; fileRef = 110FABFF260E055300BFD6C1 /* LaunchScreen.storyboard */; };
		110FAC21260E091E00BFD6C1 /* UICollectionViewCell+Animations.swift in Sources */ = {isa = PBXBuildFile; fileRef = 110FAC20260E091E00BFD6C1 /* UICollectionViewCell+Animations.swift */; };
		113F992F2632D67E00C7BA86 /* ChestCollectionCell.swift in Sources */ = {isa = PBXBuildFile; fileRef = 113F992D2632D67E00C7BA86 /* ChestCollectionCell.swift */; };
		113F99302632D67E00C7BA86 /* ChestCollectionCell.xib in Resources */ = {isa = PBXBuildFile; fileRef = 113F992E2632D67E00C7BA86 /* ChestCollectionCell.xib */; };
		113F99332632E2A300C7BA86 /* ChestCellObject.swift in Sources */ = {isa = PBXBuildFile; fileRef = 113F99322632E2A300C7BA86 /* ChestCellObject.swift */; };
		113F9945263322D700C7BA86 /* SeasonCollectionCell.swift in Sources */ = {isa = PBXBuildFile; fileRef = 113F9943263322D700C7BA86 /* SeasonCollectionCell.swift */; };
		113F9946263322D700C7BA86 /* SeasonCollectionCell.xib in Resources */ = {isa = PBXBuildFile; fileRef = 113F9944263322D700C7BA86 /* SeasonCollectionCell.xib */; };
		113F997C2633461700C7BA86 /* SeasonCellObject.swift in Sources */ = {isa = PBXBuildFile; fileRef = 113F997B2633461700C7BA86 /* SeasonCellObject.swift */; };
		113F998326334A7700C7BA86 /* MainFooterView.swift in Sources */ = {isa = PBXBuildFile; fileRef = 113F998126334A7700C7BA86 /* MainFooterView.swift */; };
		113F998426334A7700C7BA86 /* MainFooterView.xib in Resources */ = {isa = PBXBuildFile; fileRef = 113F998226334A7700C7BA86 /* MainFooterView.xib */; };
		115335E526348B9C005970B4 /* MainViewInput.swift in Sources */ = {isa = PBXBuildFile; fileRef = 115335E426348B9C005970B4 /* MainViewInput.swift */; };
		115335EA26348C17005970B4 /* MainLayoutProvider.swift in Sources */ = {isa = PBXBuildFile; fileRef = 115335E926348C17005970B4 /* MainLayoutProvider.swift */; };
		115335F026348DB0005970B4 /* MainPresenter.swift in Sources */ = {isa = PBXBuildFile; fileRef = 115335EF26348DB0005970B4 /* MainPresenter.swift */; };
		115335F326348DDE005970B4 /* MainViewOutput.swift in Sources */ = {isa = PBXBuildFile; fileRef = 115335F226348DDE005970B4 /* MainViewOutput.swift */; };
		115335F726348EDE005970B4 /* MainRouter.swift in Sources */ = {isa = PBXBuildFile; fileRef = 115335F626348EDE005970B4 /* MainRouter.swift */; };
		115335FB26348F1D005970B4 /* MainRouterInput.swift in Sources */ = {isa = PBXBuildFile; fileRef = 115335FA26348F1D005970B4 /* MainRouterInput.swift */; };
		11784B872636F6DB00BE8391 /* MainStubService.swift in Sources */ = {isa = PBXBuildFile; fileRef = 11784B862636F6DB00BE8391 /* MainStubService.swift */; };
		11784B902636F85D00BE8391 /* ChestEntity.swift in Sources */ = {isa = PBXBuildFile; fileRef = 11784B8F2636F85D00BE8391 /* ChestEntity.swift */; };
		11784B932637040E00BE8391 /* ThingEntity.swift in Sources */ = {isa = PBXBuildFile; fileRef = 11784B922637040E00BE8391 /* ThingEntity.swift */; };
		11784B982637060800BE8391 /* StorageServiceProtocol.swift in Sources */ = {isa = PBXBuildFile; fileRef = 11784B972637060800BE8391 /* StorageServiceProtocol.swift */; };
		11784B9C26370A1C00BE8391 /* TagCellObject.swift in Sources */ = {isa = PBXBuildFile; fileRef = 11784B9B26370A1C00BE8391 /* TagCellObject.swift */; };
		11784BD3263722E500BE8391 /* TagCollectionCell.xib in Resources */ = {isa = PBXBuildFile; fileRef = 11784BD1263722E500BE8391 /* TagCollectionCell.xib */; };
		11784BD4263722E500BE8391 /* TagCollectionCell.swift in Sources */ = {isa = PBXBuildFile; fileRef = 11784BD2263722E500BE8391 /* TagCollectionCell.swift */; };
		11784BDB263725A400BE8391 /* UIColor+HexString.swift in Sources */ = {isa = PBXBuildFile; fileRef = 11784BDA263725A400BE8391 /* UIColor+HexString.swift */; };
		11784BDF2637281C00BE8391 /* TagEntity.swift in Sources */ = {isa = PBXBuildFile; fileRef = 11784BDE2637281C00BE8391 /* TagEntity.swift */; };
		11AD835A2631E8AC00E070D4 /* XibView.swift in Sources */ = {isa = PBXBuildFile; fileRef = 11AD83592631E8AC00E070D4 /* XibView.swift */; };
		11AD836A2631EDE000E070D4 /* MainTitleHeader.swift in Sources */ = {isa = PBXBuildFile; fileRef = 11AD83682631EDE000E070D4 /* MainTitleHeader.swift */; };
		11AD836B2631EDE000E070D4 /* MainTitleHeader.xib in Resources */ = {isa = PBXBuildFile; fileRef = 11AD83692631EDE000E070D4 /* MainTitleHeader.xib */; };
		11F13721263353C700B57B31 /* MainWireframe.swift in Sources */ = {isa = PBXBuildFile; fileRef = 11F13720263353C700B57B31 /* MainWireframe.swift */; };
/* End PBXBuildFile section */

/* Begin PBXFileReference section */
		110FABF1260E055200BFD6C1 /* Keep Your Things.app */ = {isa = PBXFileReference; explicitFileType = wrapper.application; includeInIndex = 0; path = "Keep Your Things.app"; sourceTree = BUILT_PRODUCTS_DIR; };
		110FABF4260E055200BFD6C1 /* AppDelegate.swift */ = {isa = PBXFileReference; lastKnownFileType = sourcecode.swift; path = AppDelegate.swift; sourceTree = "<group>"; };
		110FABF8260E055200BFD6C1 /* MainViewController.swift */ = {isa = PBXFileReference; lastKnownFileType = sourcecode.swift; path = MainViewController.swift; sourceTree = "<group>"; };
		110FABFB260E055200BFD6C1 /* Base */ = {isa = PBXFileReference; lastKnownFileType = file.storyboard; name = Base; path = Base.lproj/Main.storyboard; sourceTree = "<group>"; };
		110FABFD260E055300BFD6C1 /* Assets.xcassets */ = {isa = PBXFileReference; lastKnownFileType = folder.assetcatalog; path = Assets.xcassets; sourceTree = "<group>"; };
		110FAC00260E055300BFD6C1 /* Base */ = {isa = PBXFileReference; lastKnownFileType = file.storyboard; name = Base; path = Base.lproj/LaunchScreen.storyboard; sourceTree = "<group>"; };
		110FAC02260E055300BFD6C1 /* Info.plist */ = {isa = PBXFileReference; lastKnownFileType = text.plist.xml; path = Info.plist; sourceTree = "<group>"; };
		110FAC20260E091E00BFD6C1 /* UICollectionViewCell+Animations.swift */ = {isa = PBXFileReference; lastKnownFileType = sourcecode.swift; path = "UICollectionViewCell+Animations.swift"; sourceTree = "<group>"; };
		113F992D2632D67E00C7BA86 /* ChestCollectionCell.swift */ = {isa = PBXFileReference; lastKnownFileType = sourcecode.swift; path = ChestCollectionCell.swift; sourceTree = "<group>"; };
		113F992E2632D67E00C7BA86 /* ChestCollectionCell.xib */ = {isa = PBXFileReference; lastKnownFileType = file.xib; path = ChestCollectionCell.xib; sourceTree = "<group>"; };
		113F99322632E2A300C7BA86 /* ChestCellObject.swift */ = {isa = PBXFileReference; lastKnownFileType = sourcecode.swift; path = ChestCellObject.swift; sourceTree = "<group>"; };
		113F9943263322D700C7BA86 /* SeasonCollectionCell.swift */ = {isa = PBXFileReference; lastKnownFileType = sourcecode.swift; path = SeasonCollectionCell.swift; sourceTree = "<group>"; };
		113F9944263322D700C7BA86 /* SeasonCollectionCell.xib */ = {isa = PBXFileReference; lastKnownFileType = file.xib; path = SeasonCollectionCell.xib; sourceTree = "<group>"; };
		113F997B2633461700C7BA86 /* SeasonCellObject.swift */ = {isa = PBXFileReference; lastKnownFileType = sourcecode.swift; path = SeasonCellObject.swift; sourceTree = "<group>"; };
		113F998126334A7700C7BA86 /* MainFooterView.swift */ = {isa = PBXFileReference; lastKnownFileType = sourcecode.swift; path = MainFooterView.swift; sourceTree = "<group>"; };
		113F998226334A7700C7BA86 /* MainFooterView.xib */ = {isa = PBXFileReference; lastKnownFileType = file.xib; path = MainFooterView.xib; sourceTree = "<group>"; };
		115335E426348B9C005970B4 /* MainViewInput.swift */ = {isa = PBXFileReference; lastKnownFileType = sourcecode.swift; path = MainViewInput.swift; sourceTree = "<group>"; };
		115335E926348C17005970B4 /* MainLayoutProvider.swift */ = {isa = PBXFileReference; lastKnownFileType = sourcecode.swift; path = MainLayoutProvider.swift; sourceTree = "<group>"; };
		115335EF26348DB0005970B4 /* MainPresenter.swift */ = {isa = PBXFileReference; lastKnownFileType = sourcecode.swift; path = MainPresenter.swift; sourceTree = "<group>"; };
		115335F226348DDE005970B4 /* MainViewOutput.swift */ = {isa = PBXFileReference; lastKnownFileType = sourcecode.swift; path = MainViewOutput.swift; sourceTree = "<group>"; };
		115335F626348EDE005970B4 /* MainRouter.swift */ = {isa = PBXFileReference; lastKnownFileType = sourcecode.swift; path = MainRouter.swift; sourceTree = "<group>"; };
		115335FA26348F1D005970B4 /* MainRouterInput.swift */ = {isa = PBXFileReference; lastKnownFileType = sourcecode.swift; path = MainRouterInput.swift; sourceTree = "<group>"; };
		11784B862636F6DB00BE8391 /* MainStubService.swift */ = {isa = PBXFileReference; lastKnownFileType = sourcecode.swift; path = MainStubService.swift; sourceTree = "<group>"; };
		11784B8F2636F85D00BE8391 /* ChestEntity.swift */ = {isa = PBXFileReference; lastKnownFileType = sourcecode.swift; path = ChestEntity.swift; sourceTree = "<group>"; };
		11784B922637040E00BE8391 /* ThingEntity.swift */ = {isa = PBXFileReference; lastKnownFileType = sourcecode.swift; path = ThingEntity.swift; sourceTree = "<group>"; };
		11784B972637060800BE8391 /* StorageServiceProtocol.swift */ = {isa = PBXFileReference; lastKnownFileType = sourcecode.swift; path = StorageServiceProtocol.swift; sourceTree = "<group>"; };
		11784B9B26370A1C00BE8391 /* TagCellObject.swift */ = {isa = PBXFileReference; lastKnownFileType = sourcecode.swift; path = TagCellObject.swift; sourceTree = "<group>"; };
		11784BD1263722E500BE8391 /* TagCollectionCell.xib */ = {isa = PBXFileReference; fileEncoding = 4; lastKnownFileType = file.xib; path = TagCollectionCell.xib; sourceTree = "<group>"; };
		11784BD2263722E500BE8391 /* TagCollectionCell.swift */ = {isa = PBXFileReference; fileEncoding = 4; lastKnownFileType = sourcecode.swift; path = TagCollectionCell.swift; sourceTree = "<group>"; };
		11784BDA263725A400BE8391 /* UIColor+HexString.swift */ = {isa = PBXFileReference; lastKnownFileType = sourcecode.swift; path = "UIColor+HexString.swift"; sourceTree = "<group>"; };
		11784BDE2637281C00BE8391 /* TagEntity.swift */ = {isa = PBXFileReference; lastKnownFileType = sourcecode.swift; path = TagEntity.swift; sourceTree = "<group>"; };
		11AD83592631E8AC00E070D4 /* XibView.swift */ = {isa = PBXFileReference; lastKnownFileType = sourcecode.swift; path = XibView.swift; sourceTree = "<group>"; };
		11AD83682631EDE000E070D4 /* MainTitleHeader.swift */ = {isa = PBXFileReference; lastKnownFileType = sourcecode.swift; path = MainTitleHeader.swift; sourceTree = "<group>"; };
		11AD83692631EDE000E070D4 /* MainTitleHeader.xib */ = {isa = PBXFileReference; lastKnownFileType = file.xib; path = MainTitleHeader.xib; sourceTree = "<group>"; };
		11F13720263353C700B57B31 /* MainWireframe.swift */ = {isa = PBXFileReference; lastKnownFileType = sourcecode.swift; path = MainWireframe.swift; sourceTree = "<group>"; };
/* End PBXFileReference section */

/* Begin PBXFrameworksBuildPhase section */
		110FABEE260E055200BFD6C1 /* Frameworks */ = {
			isa = PBXFrameworksBuildPhase;
			buildActionMask = 2147483647;
			files = (
			);
			runOnlyForDeploymentPostprocessing = 0;
		};
/* End PBXFrameworksBuildPhase section */

/* Begin PBXGroup section */
		1103B30E260F1ACA00781CF5 /* Tag */ = {
			isa = PBXGroup;
			children = (
				11784BD2263722E500BE8391 /* TagCollectionCell.swift */,
				11784BD1263722E500BE8391 /* TagCollectionCell.xib */,
				11784B9B26370A1C00BE8391 /* TagCellObject.swift */,
			);
			path = Tag;
			sourceTree = "<group>";
		};
		110FABE8260E055200BFD6C1 = {
			isa = PBXGroup;
			children = (
				110FABF3260E055200BFD6C1 /* Keep Your Things */,
				110FABF2260E055200BFD6C1 /* Products */,
			);
			sourceTree = "<group>";
		};
		110FABF2260E055200BFD6C1 /* Products */ = {
			isa = PBXGroup;
			children = (
				110FABF1260E055200BFD6C1 /* Keep Your Things.app */,
			);
			name = Products;
			sourceTree = "<group>";
		};
		110FABF3260E055200BFD6C1 /* Keep Your Things */ = {
			isa = PBXGroup;
			children = (
				110FAC0B260E05D300BFD6C1 /* Common */,
				110FAC0A260E05BF00BFD6C1 /* AppDelegate */,
				110FABFD260E055300BFD6C1 /* Assets.xcassets */,
				110FABFF260E055300BFD6C1 /* LaunchScreen.storyboard */,
				110FAC02260E055300BFD6C1 /* Info.plist */,
			);
			path = "Keep Your Things";
			sourceTree = "<group>";
		};
		110FAC0A260E05BF00BFD6C1 /* AppDelegate */ = {
			isa = PBXGroup;
			children = (
				110FABF4260E055200BFD6C1 /* AppDelegate.swift */,
			);
			path = AppDelegate;
			sourceTree = "<group>";
		};
		110FAC0B260E05D300BFD6C1 /* Common */ = {
			isa = PBXGroup;
			children = (
				11AD83542631E81300E070D4 /* Additional */,
				110FAC1E260E08DA00BFD6C1 /* Extensions */,
				110FAC0C260E05DE00BFD6C1 /* Modules */,
				11784B95263705BC00BE8391 /* Services */,
			);
			path = Common;
			sourceTree = "<group>";
		};
		110FAC0C260E05DE00BFD6C1 /* Modules */ = {
			isa = PBXGroup;
			children = (
				110FAC0D260E05E500BFD6C1 /* Main */,
			);
			path = Modules;
			sourceTree = "<group>";
		};
		110FAC0D260E05E500BFD6C1 /* Main */ = {
			isa = PBXGroup;
			children = (
				11784B8A2636F77900BE8391 /* Entities */,
				115335E126347202005970B4 /* Presenter */,
				115335F526348EC9005970B4 /* Router */,
				110FAC10260E06BF00BFD6C1 /* View */,
				11F1371F2633538500B57B31 /* Wireframe */,
			);
			path = Main;
			sourceTree = "<group>";
		};
		110FAC10260E06BF00BFD6C1 /* View */ = {
			isa = PBXGroup;
			children = (
				110FAC12260E06F400BFD6C1 /* Cell */,
				113F998026334A3300C7BA86 /* Footer */,
				11AD835D2631E8C500E070D4 /* Header */,
				115335E826348BE6005970B4 /* Layout */,
				110FABFA260E055200BFD6C1 /* Main.storyboard */,
				110FABF8260E055200BFD6C1 /* MainViewController.swift */,
				115335E426348B9C005970B4 /* MainViewInput.swift */,
			);
			path = View;
			sourceTree = "<group>";
		};
		110FAC12260E06F400BFD6C1 /* Cell */ = {
			isa = PBXGroup;
			children = (
				113F992C2632D62A00C7BA86 /* Chest */,
				113F99402633219800C7BA86 /* Season */,
				1103B30E260F1ACA00781CF5 /* Tag */,
			);
			path = Cell;
			sourceTree = "<group>";
		};
		110FAC1E260E08DA00BFD6C1 /* Extensions */ = {
			isa = PBXGroup;
			children = (
				11784BD92637259100BE8391 /* UIColor */,
				110FAC1F260E08EE00BFD6C1 /* UICollectionViewCell */,
			);
			path = Extensions;
			sourceTree = "<group>";
		};
		110FAC1F260E08EE00BFD6C1 /* UICollectionViewCell */ = {
			isa = PBXGroup;
			children = (
				110FAC20260E091E00BFD6C1 /* UICollectionViewCell+Animations.swift */,
			);
			path = UICollectionViewCell;
			sourceTree = "<group>";
		};
		113F992C2632D62A00C7BA86 /* Chest */ = {
			isa = PBXGroup;
			children = (
				113F992D2632D67E00C7BA86 /* ChestCollectionCell.swift */,
				113F992E2632D67E00C7BA86 /* ChestCollectionCell.xib */,
				113F99322632E2A300C7BA86 /* ChestCellObject.swift */,
			);
			path = Chest;
			sourceTree = "<group>";
		};
		113F99402633219800C7BA86 /* Season */ = {
			isa = PBXGroup;
			children = (
				113F9943263322D700C7BA86 /* SeasonCollectionCell.swift */,
				113F9944263322D700C7BA86 /* SeasonCollectionCell.xib */,
				113F997B2633461700C7BA86 /* SeasonCellObject.swift */,
			);
			path = Season;
			sourceTree = "<group>";
		};
		113F998026334A3300C7BA86 /* Footer */ = {
			isa = PBXGroup;
			children = (
				113F998126334A7700C7BA86 /* MainFooterView.swift */,
				113F998226334A7700C7BA86 /* MainFooterView.xib */,
			);
			path = Footer;
			sourceTree = "<group>";
		};
		115335E126347202005970B4 /* Presenter */ = {
			isa = PBXGroup;
			children = (
				115335EF26348DB0005970B4 /* MainPresenter.swift */,
				115335F226348DDE005970B4 /* MainViewOutput.swift */,
			);
			path = Presenter;
			sourceTree = "<group>";
		};
		115335E826348BE6005970B4 /* Layout */ = {
			isa = PBXGroup;
			children = (
				115335E926348C17005970B4 /* MainLayoutProvider.swift */,
			);
			path = Layout;
			sourceTree = "<group>";
		};
		115335F526348EC9005970B4 /* Router */ = {
			isa = PBXGroup;
			children = (
				115335F626348EDE005970B4 /* MainRouter.swift */,
				115335FA26348F1D005970B4 /* MainRouterInput.swift */,
			);
			path = Router;
			sourceTree = "<group>";
		};
		11784B852636F6BE00BE8391 /* MainStub */ = {
			isa = PBXGroup;
			children = (
				11784B862636F6DB00BE8391 /* MainStubService.swift */,
			);
			path = MainStub;
			sourceTree = "<group>";
		};
		11784B8A2636F77900BE8391 /* Entities */ = {
			isa = PBXGroup;
			children = (
				11784B8F2636F85D00BE8391 /* ChestEntity.swift */,
				11784B922637040E00BE8391 /* ThingEntity.swift */,
				11784BDE2637281C00BE8391 /* TagEntity.swift */,
			);
			path = Entities;
			sourceTree = "<group>";
		};
		11784B95263705BC00BE8391 /* Services */ = {
			isa = PBXGroup;
			children = (
				11784B852636F6BE00BE8391 /* MainStub */,
				11784B96263705D100BE8391 /* Storage */,
			);
			path = Services;
			sourceTree = "<group>";
		};
		11784B96263705D100BE8391 /* Storage */ = {
			isa = PBXGroup;
			children = (
				11784B972637060800BE8391 /* StorageServiceProtocol.swift */,
			);
			path = Storage;
			sourceTree = "<group>";
		};
		11784BD92637259100BE8391 /* UIColor */ = {
			isa = PBXGroup;
			children = (
				11784BDA263725A400BE8391 /* UIColor+HexString.swift */,
			);
			path = UIColor;
			sourceTree = "<group>";
		};
		11AD83542631E81300E070D4 /* Additional */ = {
			isa = PBXGroup;
			children = (
				11AD83552631E81900E070D4 /* UI */,
			);
			path = Additional;
			sourceTree = "<group>";
		};
		11AD83552631E81900E070D4 /* UI */ = {
			isa = PBXGroup;
			children = (
				11AD83562631E81E00E070D4 /* XibView */,
			);
			path = UI;
			sourceTree = "<group>";
		};
		11AD83562631E81E00E070D4 /* XibView */ = {
			isa = PBXGroup;
			children = (
				11AD83592631E8AC00E070D4 /* XibView.swift */,
			);
			path = XibView;
			sourceTree = "<group>";
		};
		11AD835D2631E8C500E070D4 /* Header */ = {
			isa = PBXGroup;
			children = (
				11AD83682631EDE000E070D4 /* MainTitleHeader.swift */,
				11AD83692631EDE000E070D4 /* MainTitleHeader.xib */,
			);
			path = Header;
			sourceTree = "<group>";
		};
		11F1371F2633538500B57B31 /* Wireframe */ = {
			isa = PBXGroup;
			children = (
				11F13720263353C700B57B31 /* MainWireframe.swift */,
			);
			path = Wireframe;
			sourceTree = "<group>";
		};
/* End PBXGroup section */

/* Begin PBXNativeTarget section */
		110FABF0260E055200BFD6C1 /* Keep Your Things */ = {
			isa = PBXNativeTarget;
			buildConfigurationList = 110FAC05260E055300BFD6C1 /* Build configuration list for PBXNativeTarget "Keep Your Things" */;
			buildPhases = (
				110FABED260E055200BFD6C1 /* Sources */,
				110FABEE260E055200BFD6C1 /* Frameworks */,
				110FABEF260E055200BFD6C1 /* Resources */,
			);
			buildRules = (
			);
			dependencies = (
			);
			name = "Keep Your Things";
			productName = "Keep Your Things";
			productReference = 110FABF1260E055200BFD6C1 /* Keep Your Things.app */;
			productType = "com.apple.product-type.application";
		};
/* End PBXNativeTarget section */

/* Begin PBXProject section */
		110FABE9260E055200BFD6C1 /* Project object */ = {
			isa = PBXProject;
			attributes = {
				LastSwiftUpdateCheck = 1240;
				LastUpgradeCheck = 1240;
				TargetAttributes = {
					110FABF0260E055200BFD6C1 = {
						CreatedOnToolsVersion = 12.4;
					};
				};
			};
			buildConfigurationList = 110FABEC260E055200BFD6C1 /* Build configuration list for PBXProject "Keep Your Things" */;
			compatibilityVersion = "Xcode 9.3";
			developmentRegion = en;
			hasScannedForEncodings = 0;
			knownRegions = (
				en,
				Base,
			);
			mainGroup = 110FABE8260E055200BFD6C1;
			productRefGroup = 110FABF2260E055200BFD6C1 /* Products */;
			projectDirPath = "";
			projectRoot = "";
			targets = (
				110FABF0260E055200BFD6C1 /* Keep Your Things */,
			);
		};
/* End PBXProject section */

/* Begin PBXResourcesBuildPhase section */
		110FABEF260E055200BFD6C1 /* Resources */ = {
			isa = PBXResourcesBuildPhase;
			buildActionMask = 2147483647;
			files = (
				113F99302632D67E00C7BA86 /* ChestCollectionCell.xib in Resources */,
				11AD836B2631EDE000E070D4 /* MainTitleHeader.xib in Resources */,
				113F998426334A7700C7BA86 /* MainFooterView.xib in Resources */,
				110FAC01260E055300BFD6C1 /* LaunchScreen.storyboard in Resources */,
				113F9946263322D700C7BA86 /* SeasonCollectionCell.xib in Resources */,
				110FABFE260E055300BFD6C1 /* Assets.xcassets in Resources */,
				11784BD3263722E500BE8391 /* TagCollectionCell.xib in Resources */,
				110FABFC260E055200BFD6C1 /* Main.storyboard in Resources */,
			);
			runOnlyForDeploymentPostprocessing = 0;
		};
/* End PBXResourcesBuildPhase section */

/* Begin PBXSourcesBuildPhase section */
		110FABED260E055200BFD6C1 /* Sources */ = {
			isa = PBXSourcesBuildPhase;
			buildActionMask = 2147483647;
			files = (
				115335F326348DDE005970B4 /* MainViewOutput.swift in Sources */,
				115335EA26348C17005970B4 /* MainLayoutProvider.swift in Sources */,
				110FABF9260E055200BFD6C1 /* MainViewController.swift in Sources */,
				115335F726348EDE005970B4 /* MainRouter.swift in Sources */,
				11784B902636F85D00BE8391 /* ChestEntity.swift in Sources */,
				115335FB26348F1D005970B4 /* MainRouterInput.swift in Sources */,
				11784BDB263725A400BE8391 /* UIColor+HexString.swift in Sources */,
				113F992F2632D67E00C7BA86 /* ChestCollectionCell.swift in Sources */,
				113F998326334A7700C7BA86 /* MainFooterView.swift in Sources */,
				110FABF5260E055200BFD6C1 /* AppDelegate.swift in Sources */,
				11784B9C26370A1C00BE8391 /* TagCellObject.swift in Sources */,
				11784B982637060800BE8391 /* StorageServiceProtocol.swift in Sources */,
				113F997C2633461700C7BA86 /* SeasonCellObject.swift in Sources */,
				11784B932637040E00BE8391 /* ThingEntity.swift in Sources */,
				110FAC21260E091E00BFD6C1 /* UICollectionViewCell+Animations.swift in Sources */,
				11784B872636F6DB00BE8391 /* MainStubService.swift in Sources */,
				11AD836A2631EDE000E070D4 /* MainTitleHeader.swift in Sources */,
				11784BDF2637281C00BE8391 /* TagEntity.swift in Sources */,
				11784BD4263722E500BE8391 /* TagCollectionCell.swift in Sources */,
				113F99332632E2A300C7BA86 /* ChestCellObject.swift in Sources */,
				115335F026348DB0005970B4 /* MainPresenter.swift in Sources */,
				115335E526348B9C005970B4 /* MainViewInput.swift in Sources */,
				11F13721263353C700B57B31 /* MainWireframe.swift in Sources */,
				11AD835A2631E8AC00E070D4 /* XibView.swift in Sources */,
				113F9945263322D700C7BA86 /* SeasonCollectionCell.swift in Sources */,
			);
			runOnlyForDeploymentPostprocessing = 0;
		};
/* End PBXSourcesBuildPhase section */

/* Begin PBXVariantGroup section */
		110FABFA260E055200BFD6C1 /* Main.storyboard */ = {
			isa = PBXVariantGroup;
			children = (
				110FABFB260E055200BFD6C1 /* Base */,
			);
			name = Main.storyboard;
			sourceTree = "<group>";
		};
		110FABFF260E055300BFD6C1 /* LaunchScreen.storyboard */ = {
			isa = PBXVariantGroup;
			children = (
				110FAC00260E055300BFD6C1 /* Base */,
			);
			name = LaunchScreen.storyboard;
			sourceTree = "<group>";
		};
/* End PBXVariantGroup section */

/* Begin XCBuildConfiguration section */
		110FAC03260E055300BFD6C1 /* Debug */ = {
			isa = XCBuildConfiguration;
			buildSettings = {
				ALWAYS_SEARCH_USER_PATHS = NO;
				CLANG_ANALYZER_NONNULL = YES;
				CLANG_ANALYZER_NUMBER_OBJECT_CONVERSION = YES_AGGRESSIVE;
				CLANG_CXX_LANGUAGE_STANDARD = "gnu++14";
				CLANG_CXX_LIBRARY = "libc++";
				CLANG_ENABLE_MODULES = YES;
				CLANG_ENABLE_OBJC_ARC = YES;
				CLANG_ENABLE_OBJC_WEAK = YES;
				CLANG_WARN_BLOCK_CAPTURE_AUTORELEASING = YES;
				CLANG_WARN_BOOL_CONVERSION = YES;
				CLANG_WARN_COMMA = YES;
				CLANG_WARN_CONSTANT_CONVERSION = YES;
				CLANG_WARN_DEPRECATED_OBJC_IMPLEMENTATIONS = YES;
				CLANG_WARN_DIRECT_OBJC_ISA_USAGE = YES_ERROR;
				CLANG_WARN_DOCUMENTATION_COMMENTS = YES;
				CLANG_WARN_EMPTY_BODY = YES;
				CLANG_WARN_ENUM_CONVERSION = YES;
				CLANG_WARN_INFINITE_RECURSION = YES;
				CLANG_WARN_INT_CONVERSION = YES;
				CLANG_WARN_NON_LITERAL_NULL_CONVERSION = YES;
				CLANG_WARN_OBJC_IMPLICIT_RETAIN_SELF = YES;
				CLANG_WARN_OBJC_LITERAL_CONVERSION = YES;
				CLANG_WARN_OBJC_ROOT_CLASS = YES_ERROR;
				CLANG_WARN_QUOTED_INCLUDE_IN_FRAMEWORK_HEADER = YES;
				CLANG_WARN_RANGE_LOOP_ANALYSIS = YES;
				CLANG_WARN_STRICT_PROTOTYPES = YES;
				CLANG_WARN_SUSPICIOUS_MOVE = YES;
				CLANG_WARN_UNGUARDED_AVAILABILITY = YES_AGGRESSIVE;
				CLANG_WARN_UNREACHABLE_CODE = YES;
				CLANG_WARN__DUPLICATE_METHOD_MATCH = YES;
				COPY_PHASE_STRIP = NO;
				DEBUG_INFORMATION_FORMAT = dwarf;
				ENABLE_STRICT_OBJC_MSGSEND = YES;
				ENABLE_TESTABILITY = YES;
				GCC_C_LANGUAGE_STANDARD = gnu11;
				GCC_DYNAMIC_NO_PIC = NO;
				GCC_NO_COMMON_BLOCKS = YES;
				GCC_OPTIMIZATION_LEVEL = 0;
				GCC_PREPROCESSOR_DEFINITIONS = (
					"DEBUG=1",
					"$(inherited)",
				);
				GCC_WARN_64_TO_32_BIT_CONVERSION = YES;
				GCC_WARN_ABOUT_RETURN_TYPE = YES_ERROR;
				GCC_WARN_UNDECLARED_SELECTOR = YES;
				GCC_WARN_UNINITIALIZED_AUTOS = YES_AGGRESSIVE;
				GCC_WARN_UNUSED_FUNCTION = YES;
				GCC_WARN_UNUSED_VARIABLE = YES;
				IPHONEOS_DEPLOYMENT_TARGET = 14.4;
				MTL_ENABLE_DEBUG_INFO = INCLUDE_SOURCE;
				MTL_FAST_MATH = YES;
				ONLY_ACTIVE_ARCH = YES;
				SDKROOT = iphoneos;
				SWIFT_ACTIVE_COMPILATION_CONDITIONS = DEBUG;
				SWIFT_OPTIMIZATION_LEVEL = "-Onone";
			};
			name = Debug;
		};
		110FAC04260E055300BFD6C1 /* Release */ = {
			isa = XCBuildConfiguration;
			buildSettings = {
				ALWAYS_SEARCH_USER_PATHS = NO;
				CLANG_ANALYZER_NONNULL = YES;
				CLANG_ANALYZER_NUMBER_OBJECT_CONVERSION = YES_AGGRESSIVE;
				CLANG_CXX_LANGUAGE_STANDARD = "gnu++14";
				CLANG_CXX_LIBRARY = "libc++";
				CLANG_ENABLE_MODULES = YES;
				CLANG_ENABLE_OBJC_ARC = YES;
				CLANG_ENABLE_OBJC_WEAK = YES;
				CLANG_WARN_BLOCK_CAPTURE_AUTORELEASING = YES;
				CLANG_WARN_BOOL_CONVERSION = YES;
				CLANG_WARN_COMMA = YES;
				CLANG_WARN_CONSTANT_CONVERSION = YES;
				CLANG_WARN_DEPRECATED_OBJC_IMPLEMENTATIONS = YES;
				CLANG_WARN_DIRECT_OBJC_ISA_USAGE = YES_ERROR;
				CLANG_WARN_DOCUMENTATION_COMMENTS = YES;
				CLANG_WARN_EMPTY_BODY = YES;
				CLANG_WARN_ENUM_CONVERSION = YES;
				CLANG_WARN_INFINITE_RECURSION = YES;
				CLANG_WARN_INT_CONVERSION = YES;
				CLANG_WARN_NON_LITERAL_NULL_CONVERSION = YES;
				CLANG_WARN_OBJC_IMPLICIT_RETAIN_SELF = YES;
				CLANG_WARN_OBJC_LITERAL_CONVERSION = YES;
				CLANG_WARN_OBJC_ROOT_CLASS = YES_ERROR;
				CLANG_WARN_QUOTED_INCLUDE_IN_FRAMEWORK_HEADER = YES;
				CLANG_WARN_RANGE_LOOP_ANALYSIS = YES;
				CLANG_WARN_STRICT_PROTOTYPES = YES;
				CLANG_WARN_SUSPICIOUS_MOVE = YES;
				CLANG_WARN_UNGUARDED_AVAILABILITY = YES_AGGRESSIVE;
				CLANG_WARN_UNREACHABLE_CODE = YES;
				CLANG_WARN__DUPLICATE_METHOD_MATCH = YES;
				COPY_PHASE_STRIP = NO;
				DEBUG_INFORMATION_FORMAT = "dwarf-with-dsym";
				ENABLE_NS_ASSERTIONS = NO;
				ENABLE_STRICT_OBJC_MSGSEND = YES;
				GCC_C_LANGUAGE_STANDARD = gnu11;
				GCC_NO_COMMON_BLOCKS = YES;
				GCC_WARN_64_TO_32_BIT_CONVERSION = YES;
				GCC_WARN_ABOUT_RETURN_TYPE = YES_ERROR;
				GCC_WARN_UNDECLARED_SELECTOR = YES;
				GCC_WARN_UNINITIALIZED_AUTOS = YES_AGGRESSIVE;
				GCC_WARN_UNUSED_FUNCTION = YES;
				GCC_WARN_UNUSED_VARIABLE = YES;
				IPHONEOS_DEPLOYMENT_TARGET = 14.4;
				MTL_ENABLE_DEBUG_INFO = NO;
				MTL_FAST_MATH = YES;
				SDKROOT = iphoneos;
				SWIFT_COMPILATION_MODE = wholemodule;
				SWIFT_OPTIMIZATION_LEVEL = "-O";
				VALIDATE_PRODUCT = YES;
			};
			name = Release;
		};
		110FAC06260E055300BFD6C1 /* Debug */ = {
			isa = XCBuildConfiguration;
			buildSettings = {
				ASSETCATALOG_COMPILER_APPICON_NAME = AppIcon;
				ASSETCATALOG_COMPILER_GLOBAL_ACCENT_COLOR_NAME = AccentColor;
				CODE_SIGN_STYLE = Automatic;
				DEVELOPMENT_TEAM = SZ46K2Z6E6;
				INFOPLIST_FILE = "Keep Your Things/Info.plist";
				IPHONEOS_DEPLOYMENT_TARGET = 13.6;
				LD_RUNPATH_SEARCH_PATHS = (
					"$(inherited)",
					"@executable_path/Frameworks",
				);
				PRODUCT_BUNDLE_IDENTIFIER = "com.amashtay.keepYourThings.Keep-Your-Things";
				PRODUCT_NAME = "$(TARGET_NAME)";
				SWIFT_VERSION = 5.0;
				TARGETED_DEVICE_FAMILY = "1,2";
			};
			name = Debug;
		};
		110FAC07260E055300BFD6C1 /* Release */ = {
			isa = XCBuildConfiguration;
			buildSettings = {
				ASSETCATALOG_COMPILER_APPICON_NAME = AppIcon;
				ASSETCATALOG_COMPILER_GLOBAL_ACCENT_COLOR_NAME = AccentColor;
				CODE_SIGN_STYLE = Automatic;
				DEVELOPMENT_TEAM = SZ46K2Z6E6;
				INFOPLIST_FILE = "Keep Your Things/Info.plist";
				IPHONEOS_DEPLOYMENT_TARGET = 13.6;
				LD_RUNPATH_SEARCH_PATHS = (
					"$(inherited)",
					"@executable_path/Frameworks",
				);
				PRODUCT_BUNDLE_IDENTIFIER = "com.amashtay.keepYourThings.Keep-Your-Things";
				PRODUCT_NAME = "$(TARGET_NAME)";
				SWIFT_VERSION = 5.0;
				TARGETED_DEVICE_FAMILY = "1,2";
			};
			name = Release;
		};
/* End XCBuildConfiguration section */

/* Begin XCConfigurationList section */
		110FABEC260E055200BFD6C1 /* Build configuration list for PBXProject "Keep Your Things" */ = {
			isa = XCConfigurationList;
			buildConfigurations = (
				110FAC03260E055300BFD6C1 /* Debug */,
				110FAC04260E055300BFD6C1 /* Release */,
			);
			defaultConfigurationIsVisible = 0;
			defaultConfigurationName = Release;
		};
		110FAC05260E055300BFD6C1 /* Build configuration list for PBXNativeTarget "Keep Your Things" */ = {
			isa = XCConfigurationList;
			buildConfigurations = (
				110FAC06260E055300BFD6C1 /* Debug */,
				110FAC07260E055300BFD6C1 /* Release */,
			);
			defaultConfigurationIsVisible = 0;
			defaultConfigurationName = Release;
		};
/* End XCConfigurationList section */
	};
	rootObject = 110FABE9260E055200BFD6C1 /* Project object */;
}
