// !$*UTF8*$!
{
	archiveVersion = 1;
	classes = {
	};
	objectVersion = 50;
	objects = {

/* Begin PBXBuildFile section */
		1103B311260F1AEB00781CF5 /* TagCollectionCell.swift in Sources */ = {isa = PBXBuildFile; fileRef = 1103B30F260F1AEB00781CF5 /* TagCollectionCell.swift */; };
		1103B312260F1AEB00781CF5 /* TagCollectionCell.xib in Resources */ = {isa = PBXBuildFile; fileRef = 1103B310260F1AEB00781CF5 /* TagCollectionCell.xib */; };
		110FABF5260E055200BFD6C1 /* AppDelegate.swift in Sources */ = {isa = PBXBuildFile; fileRef = 110FABF4260E055200BFD6C1 /* AppDelegate.swift */; };
		110FABF7260E055200BFD6C1 /* SceneDelegate.swift in Sources */ = {isa = PBXBuildFile; fileRef = 110FABF6260E055200BFD6C1 /* SceneDelegate.swift */; };
		110FABF9260E055200BFD6C1 /* MainViewController.swift in Sources */ = {isa = PBXBuildFile; fileRef = 110FABF8260E055200BFD6C1 /* MainViewController.swift */; };
		110FABFC260E055200BFD6C1 /* Main.storyboard in Resources */ = {isa = PBXBuildFile; fileRef = 110FABFA260E055200BFD6C1 /* Main.storyboard */; };
		110FABFE260E055300BFD6C1 /* Assets.xcassets in Resources */ = {isa = PBXBuildFile; fileRef = 110FABFD260E055300BFD6C1 /* Assets.xcassets */; };
		110FAC01260E055300BFD6C1 /* LaunchScreen.storyboard in Resources */ = {isa = PBXBuildFile; fileRef = 110FABFF260E055300BFD6C1 /* LaunchScreen.storyboard */; };
		110FAC16260E07A100BFD6C1 /* StoryCell.swift in Sources */ = {isa = PBXBuildFile; fileRef = 110FAC14260E07A100BFD6C1 /* StoryCell.swift */; };
		110FAC17260E07A100BFD6C1 /* StoryCell.xib in Resources */ = {isa = PBXBuildFile; fileRef = 110FAC15260E07A100BFD6C1 /* StoryCell.xib */; };
		110FAC1C260E08AE00BFD6C1 /* StoryCellObject.swift in Sources */ = {isa = PBXBuildFile; fileRef = 110FAC1B260E08AE00BFD6C1 /* StoryCellObject.swift */; };
		110FAC21260E091E00BFD6C1 /* UICollectionViewCell+Animations.swift in Sources */ = {isa = PBXBuildFile; fileRef = 110FAC20260E091E00BFD6C1 /* UICollectionViewCell+Animations.swift */; };
		113F992F2632D67E00C7BA86 /* RoomCollectionCell.swift in Sources */ = {isa = PBXBuildFile; fileRef = 113F992D2632D67E00C7BA86 /* RoomCollectionCell.swift */; };
		113F99302632D67E00C7BA86 /* RoomCollectionCell.xib in Resources */ = {isa = PBXBuildFile; fileRef = 113F992E2632D67E00C7BA86 /* RoomCollectionCell.xib */; };
		113F99332632E2A300C7BA86 /* RoomCellObject.swift in Sources */ = {isa = PBXBuildFile; fileRef = 113F99322632E2A300C7BA86 /* RoomCellObject.swift */; };
		11AD835A2631E8AC00E070D4 /* XibView.swift in Sources */ = {isa = PBXBuildFile; fileRef = 11AD83592631E8AC00E070D4 /* XibView.swift */; };
		11AD836A2631EDE000E070D4 /* MainTitleHeader.swift in Sources */ = {isa = PBXBuildFile; fileRef = 11AD83682631EDE000E070D4 /* MainTitleHeader.swift */; };
		11AD836B2631EDE000E070D4 /* MainTitleHeader.xib in Resources */ = {isa = PBXBuildFile; fileRef = 11AD83692631EDE000E070D4 /* MainTitleHeader.xib */; };
/* End PBXBuildFile section */

/* Begin PBXFileReference section */
		1103B30F260F1AEB00781CF5 /* TagCollectionCell.swift */ = {isa = PBXFileReference; lastKnownFileType = sourcecode.swift; path = TagCollectionCell.swift; sourceTree = "<group>"; };
		1103B310260F1AEB00781CF5 /* TagCollectionCell.xib */ = {isa = PBXFileReference; lastKnownFileType = file.xib; path = TagCollectionCell.xib; sourceTree = "<group>"; };
		110FABF1260E055200BFD6C1 /* Keep Your Things.app */ = {isa = PBXFileReference; explicitFileType = wrapper.application; includeInIndex = 0; path = "Keep Your Things.app"; sourceTree = BUILT_PRODUCTS_DIR; };
		110FABF4260E055200BFD6C1 /* AppDelegate.swift */ = {isa = PBXFileReference; lastKnownFileType = sourcecode.swift; path = AppDelegate.swift; sourceTree = "<group>"; };
		110FABF6260E055200BFD6C1 /* SceneDelegate.swift */ = {isa = PBXFileReference; lastKnownFileType = sourcecode.swift; path = SceneDelegate.swift; sourceTree = "<group>"; };
		110FABF8260E055200BFD6C1 /* MainViewController.swift */ = {isa = PBXFileReference; lastKnownFileType = sourcecode.swift; path = MainViewController.swift; sourceTree = "<group>"; };
		110FABFB260E055200BFD6C1 /* Base */ = {isa = PBXFileReference; lastKnownFileType = file.storyboard; name = Base; path = Base.lproj/Main.storyboard; sourceTree = "<group>"; };
		110FABFD260E055300BFD6C1 /* Assets.xcassets */ = {isa = PBXFileReference; lastKnownFileType = folder.assetcatalog; path = Assets.xcassets; sourceTree = "<group>"; };
		110FAC00260E055300BFD6C1 /* Base */ = {isa = PBXFileReference; lastKnownFileType = file.storyboard; name = Base; path = Base.lproj/LaunchScreen.storyboard; sourceTree = "<group>"; };
		110FAC02260E055300BFD6C1 /* Info.plist */ = {isa = PBXFileReference; lastKnownFileType = text.plist.xml; path = Info.plist; sourceTree = "<group>"; };
		110FAC14260E07A100BFD6C1 /* StoryCell.swift */ = {isa = PBXFileReference; lastKnownFileType = sourcecode.swift; path = StoryCell.swift; sourceTree = "<group>"; };
		110FAC15260E07A100BFD6C1 /* StoryCell.xib */ = {isa = PBXFileReference; lastKnownFileType = file.xib; path = StoryCell.xib; sourceTree = "<group>"; };
		110FAC1B260E08AE00BFD6C1 /* StoryCellObject.swift */ = {isa = PBXFileReference; lastKnownFileType = sourcecode.swift; path = StoryCellObject.swift; sourceTree = "<group>"; };
		110FAC20260E091E00BFD6C1 /* UICollectionViewCell+Animations.swift */ = {isa = PBXFileReference; lastKnownFileType = sourcecode.swift; path = "UICollectionViewCell+Animations.swift"; sourceTree = "<group>"; };
		113F992D2632D67E00C7BA86 /* RoomCollectionCell.swift */ = {isa = PBXFileReference; lastKnownFileType = sourcecode.swift; path = RoomCollectionCell.swift; sourceTree = "<group>"; };
		113F992E2632D67E00C7BA86 /* RoomCollectionCell.xib */ = {isa = PBXFileReference; lastKnownFileType = file.xib; path = RoomCollectionCell.xib; sourceTree = "<group>"; };
		113F99322632E2A300C7BA86 /* RoomCellObject.swift */ = {isa = PBXFileReference; lastKnownFileType = sourcecode.swift; path = RoomCellObject.swift; sourceTree = "<group>"; };
		11AD83592631E8AC00E070D4 /* XibView.swift */ = {isa = PBXFileReference; lastKnownFileType = sourcecode.swift; path = XibView.swift; sourceTree = "<group>"; };
		11AD83682631EDE000E070D4 /* MainTitleHeader.swift */ = {isa = PBXFileReference; lastKnownFileType = sourcecode.swift; path = MainTitleHeader.swift; sourceTree = "<group>"; };
		11AD83692631EDE000E070D4 /* MainTitleHeader.xib */ = {isa = PBXFileReference; lastKnownFileType = file.xib; path = MainTitleHeader.xib; sourceTree = "<group>"; };
/* End PBXFileReference section */

/* Begin PBXFrameworksBuildPhase section */
		110FABEE260E055200BFD6C1 /* Frameworks */ = {
			isa = PBXFrameworksBuildPhase;
			buildActionMask = 2147483647;
			files = (
			);
			runOnlyForDeploymentPostprocessing = 0;
		};
/* End PBXFrameworksBuildPhase section */

/* Begin PBXGroup section */
		1103B30E260F1ACA00781CF5 /* Tag */ = {
			isa = PBXGroup;
			children = (
				1103B30F260F1AEB00781CF5 /* TagCollectionCell.swift */,
				1103B310260F1AEB00781CF5 /* TagCollectionCell.xib */,
			);
			path = Tag;
			sourceTree = "<group>";
		};
		110FABE8260E055200BFD6C1 = {
			isa = PBXGroup;
			children = (
				110FABF3260E055200BFD6C1 /* Keep Your Things */,
				110FABF2260E055200BFD6C1 /* Products */,
			);
			sourceTree = "<group>";
		};
		110FABF2260E055200BFD6C1 /* Products */ = {
			isa = PBXGroup;
			children = (
				110FABF1260E055200BFD6C1 /* Keep Your Things.app */,
			);
			name = Products;
			sourceTree = "<group>";
		};
		110FABF3260E055200BFD6C1 /* Keep Your Things */ = {
			isa = PBXGroup;
			children = (
				110FAC0B260E05D300BFD6C1 /* Common */,
				110FAC0A260E05BF00BFD6C1 /* AppDelegate */,
				110FABFD260E055300BFD6C1 /* Assets.xcassets */,
				110FABFF260E055300BFD6C1 /* LaunchScreen.storyboard */,
				110FAC02260E055300BFD6C1 /* Info.plist */,
			);
			path = "Keep Your Things";
			sourceTree = "<group>";
		};
		110FAC0A260E05BF00BFD6C1 /* AppDelegate */ = {
			isa = PBXGroup;
			children = (
				110FABF4260E055200BFD6C1 /* AppDelegate.swift */,
				110FABF6260E055200BFD6C1 /* SceneDelegate.swift */,
			);
			path = AppDelegate;
			sourceTree = "<group>";
		};
		110FAC0B260E05D300BFD6C1 /* Common */ = {
			isa = PBXGroup;
			children = (
				11AD83542631E81300E070D4 /* Additional */,
				110FAC1E260E08DA00BFD6C1 /* Extensions */,
				110FAC0C260E05DE00BFD6C1 /* Modules */,
			);
			path = Common;
			sourceTree = "<group>";
		};
		110FAC0C260E05DE00BFD6C1 /* Modules */ = {
			isa = PBXGroup;
			children = (
				110FAC0D260E05E500BFD6C1 /* Main */,
			);
			path = Modules;
			sourceTree = "<group>";
		};
		110FAC0D260E05E500BFD6C1 /* Main */ = {
			isa = PBXGroup;
			children = (
				110FAC10260E06BF00BFD6C1 /* View */,
			);
			path = Main;
			sourceTree = "<group>";
		};
		110FAC10260E06BF00BFD6C1 /* View */ = {
			isa = PBXGroup;
			children = (
				11AD835D2631E8C500E070D4 /* Header */,
				110FAC12260E06F400BFD6C1 /* Cell */,
				110FABF8260E055200BFD6C1 /* MainViewController.swift */,
				110FABFA260E055200BFD6C1 /* Main.storyboard */,
			);
			path = View;
			sourceTree = "<group>";
		};
		110FAC12260E06F400BFD6C1 /* Cell */ = {
			isa = PBXGroup;
			children = (
				113F992C2632D62A00C7BA86 /* Room */,
				1103B30E260F1ACA00781CF5 /* Tag */,
				110FAC13260E073E00BFD6C1 /* Stories */,
			);
			path = Cell;
			sourceTree = "<group>";
		};
		110FAC13260E073E00BFD6C1 /* Stories */ = {
			isa = PBXGroup;
			children = (
				110FAC14260E07A100BFD6C1 /* StoryCell.swift */,
				110FAC15260E07A100BFD6C1 /* StoryCell.xib */,
				110FAC1B260E08AE00BFD6C1 /* StoryCellObject.swift */,
			);
			path = Stories;
			sourceTree = "<group>";
		};
		110FAC1E260E08DA00BFD6C1 /* Extensions */ = {
			isa = PBXGroup;
			children = (
				110FAC1F260E08EE00BFD6C1 /* UICollectionViewCell */,
			);
			path = Extensions;
			sourceTree = "<group>";
		};
		110FAC1F260E08EE00BFD6C1 /* UICollectionViewCell */ = {
			isa = PBXGroup;
			children = (
				110FAC20260E091E00BFD6C1 /* UICollectionViewCell+Animations.swift */,
			);
			path = UICollectionViewCell;
			sourceTree = "<group>";
		};
		113F992C2632D62A00C7BA86 /* Room */ = {
			isa = PBXGroup;
			children = (
				113F992D2632D67E00C7BA86 /* RoomCollectionCell.swift */,
				113F992E2632D67E00C7BA86 /* RoomCollectionCell.xib */,
				113F99322632E2A300C7BA86 /* RoomCellObject.swift */,
			);
			path = Room;
			sourceTree = "<group>";
		};
		11AD83542631E81300E070D4 /* Additional */ = {
			isa = PBXGroup;
			children = (
				11AD83552631E81900E070D4 /* UI */,
			);
			path = Additional;
			sourceTree = "<group>";
		};
		11AD83552631E81900E070D4 /* UI */ = {
			isa = PBXGroup;
			children = (
				11AD83562631E81E00E070D4 /* XibView */,
			);
			path = UI;
			sourceTree = "<group>";
		};
		11AD83562631E81E00E070D4 /* XibView */ = {
			isa = PBXGroup;
			children = (
				11AD83592631E8AC00E070D4 /* XibView.swift */,
			);
			path = XibView;
			sourceTree = "<group>";
		};
		11AD835D2631E8C500E070D4 /* Header */ = {
			isa = PBXGroup;
			children = (
				11AD83682631EDE000E070D4 /* MainTitleHeader.swift */,
				11AD83692631EDE000E070D4 /* MainTitleHeader.xib */,
			);
			path = Header;
			sourceTree = "<group>";
		};
/* End PBXGroup section */

/* Begin PBXNativeTarget section */
		110FABF0260E055200BFD6C1 /* Keep Your Things */ = {
			isa = PBXNativeTarget;
			buildConfigurationList = 110FAC05260E055300BFD6C1 /* Build configuration list for PBXNativeTarget "Keep Your Things" */;
			buildPhases = (
				110FABED260E055200BFD6C1 /* Sources */,
				110FABEE260E055200BFD6C1 /* Frameworks */,
				110FABEF260E055200BFD6C1 /* Resources */,
			);
			buildRules = (
			);
			dependencies = (
			);
			name = "Keep Your Things";
			productName = "Keep Your Things";
			productReference = 110FABF1260E055200BFD6C1 /* Keep Your Things.app */;
			productType = "com.apple.product-type.application";
		};
/* End PBXNativeTarget section */

/* Begin PBXProject section */
		110FABE9260E055200BFD6C1 /* Project object */ = {
			isa = PBXProject;
			attributes = {
				LastSwiftUpdateCheck = 1240;
				LastUpgradeCheck = 1240;
				TargetAttributes = {
					110FABF0260E055200BFD6C1 = {
						CreatedOnToolsVersion = 12.4;
					};
				};
			};
			buildConfigurationList = 110FABEC260E055200BFD6C1 /* Build configuration list for PBXProject "Keep Your Things" */;
			compatibilityVersion = "Xcode 9.3";
			developmentRegion = en;
			hasScannedForEncodings = 0;
			knownRegions = (
				en,
				Base,
			);
			mainGroup = 110FABE8260E055200BFD6C1;
			productRefGroup = 110FABF2260E055200BFD6C1 /* Products */;
			projectDirPath = "";
			projectRoot = "";
			targets = (
				110FABF0260E055200BFD6C1 /* Keep Your Things */,
			);
		};
/* End PBXProject section */

/* Begin PBXResourcesBuildPhase section */
		110FABEF260E055200BFD6C1 /* Resources */ = {
			isa = PBXResourcesBuildPhase;
			buildActionMask = 2147483647;
			files = (
				113F99302632D67E00C7BA86 /* RoomCollectionCell.xib in Resources */,
				11AD836B2631EDE000E070D4 /* MainTitleHeader.xib in Resources */,
				110FAC01260E055300BFD6C1 /* LaunchScreen.storyboard in Resources */,
				110FAC17260E07A100BFD6C1 /* StoryCell.xib in Resources */,
				110FABFE260E055300BFD6C1 /* Assets.xcassets in Resources */,
				110FABFC260E055200BFD6C1 /* Main.storyboard in Resources */,
				1103B312260F1AEB00781CF5 /* TagCollectionCell.xib in Resources */,
			);
			runOnlyForDeploymentPostprocessing = 0;
		};
/* End PBXResourcesBuildPhase section */

/* Begin PBXSourcesBuildPhase section */
		110FABED260E055200BFD6C1 /* Sources */ = {
			isa = PBXSourcesBuildPhase;
			buildActionMask = 2147483647;
			files = (
				110FABF9260E055200BFD6C1 /* MainViewController.swift in Sources */,
				110FAC16260E07A100BFD6C1 /* StoryCell.swift in Sources */,
				113F992F2632D67E00C7BA86 /* RoomCollectionCell.swift in Sources */,
				110FABF5260E055200BFD6C1 /* AppDelegate.swift in Sources */,
				1103B311260F1AEB00781CF5 /* TagCollectionCell.swift in Sources */,
				110FAC21260E091E00BFD6C1 /* UICollectionViewCell+Animations.swift in Sources */,
				110FAC1C260E08AE00BFD6C1 /* StoryCellObject.swift in Sources */,
				11AD836A2631EDE000E070D4 /* MainTitleHeader.swift in Sources */,
				113F99332632E2A300C7BA86 /* RoomCellObject.swift in Sources */,
				11AD835A2631E8AC00E070D4 /* XibView.swift in Sources */,
				110FABF7260E055200BFD6C1 /* SceneDelegate.swift in Sources */,
			);
			runOnlyForDeploymentPostprocessing = 0;
		};
/* End PBXSourcesBuildPhase section */

/* Begin PBXVariantGroup section */
		110FABFA260E055200BFD6C1 /* Main.storyboard */ = {
			isa = PBXVariantGroup;
			children = (
				110FABFB260E055200BFD6C1 /* Base */,
			);
			name = Main.storyboard;
			sourceTree = "<group>";
		};
		110FABFF260E055300BFD6C1 /* LaunchScreen.storyboard */ = {
			isa = PBXVariantGroup;
			children = (
				110FAC00260E055300BFD6C1 /* Base */,
			);
			name = LaunchScreen.storyboard;
			sourceTree = "<group>";
		};
/* End PBXVariantGroup section */

/* Begin XCBuildConfiguration section */
		110FAC03260E055300BFD6C1 /* Debug */ = {
			isa = XCBuildConfiguration;
			buildSettings = {
				ALWAYS_SEARCH_USER_PATHS = NO;
				CLANG_ANALYZER_NONNULL = YES;
				CLANG_ANALYZER_NUMBER_OBJECT_CONVERSION = YES_AGGRESSIVE;
				CLANG_CXX_LANGUAGE_STANDARD = "gnu++14";
				CLANG_CXX_LIBRARY = "libc++";
				CLANG_ENABLE_MODULES = YES;
				CLANG_ENABLE_OBJC_ARC = YES;
				CLANG_ENABLE_OBJC_WEAK = YES;
				CLANG_WARN_BLOCK_CAPTURE_AUTORELEASING = YES;
				CLANG_WARN_BOOL_CONVERSION = YES;
				CLANG_WARN_COMMA = YES;
				CLANG_WARN_CONSTANT_CONVERSION = YES;
				CLANG_WARN_DEPRECATED_OBJC_IMPLEMENTATIONS = YES;
				CLANG_WARN_DIRECT_OBJC_ISA_USAGE = YES_ERROR;
				CLANG_WARN_DOCUMENTATION_COMMENTS = YES;
				CLANG_WARN_EMPTY_BODY = YES;
				CLANG_WARN_ENUM_CONVERSION = YES;
				CLANG_WARN_INFINITE_RECURSION = YES;
				CLANG_WARN_INT_CONVERSION = YES;
				CLANG_WARN_NON_LITERAL_NULL_CONVERSION = YES;
				CLANG_WARN_OBJC_IMPLICIT_RETAIN_SELF = YES;
				CLANG_WARN_OBJC_LITERAL_CONVERSION = YES;
				CLANG_WARN_OBJC_ROOT_CLASS = YES_ERROR;
				CLANG_WARN_QUOTED_INCLUDE_IN_FRAMEWORK_HEADER = YES;
				CLANG_WARN_RANGE_LOOP_ANALYSIS = YES;
				CLANG_WARN_STRICT_PROTOTYPES = YES;
				CLANG_WARN_SUSPICIOUS_MOVE = YES;
				CLANG_WARN_UNGUARDED_AVAILABILITY = YES_AGGRESSIVE;
				CLANG_WARN_UNREACHABLE_CODE = YES;
				CLANG_WARN__DUPLICATE_METHOD_MATCH = YES;
				COPY_PHASE_STRIP = NO;
				DEBUG_INFORMATION_FORMAT = dwarf;
				ENABLE_STRICT_OBJC_MSGSEND = YES;
				ENABLE_TESTABILITY = YES;
				GCC_C_LANGUAGE_STANDARD = gnu11;
				GCC_DYNAMIC_NO_PIC = NO;
				GCC_NO_COMMON_BLOCKS = YES;
				GCC_OPTIMIZATION_LEVEL = 0;
				GCC_PREPROCESSOR_DEFINITIONS = (
					"DEBUG=1",
					"$(inherited)",
				);
				GCC_WARN_64_TO_32_BIT_CONVERSION = YES;
				GCC_WARN_ABOUT_RETURN_TYPE = YES_ERROR;
				GCC_WARN_UNDECLARED_SELECTOR = YES;
				GCC_WARN_UNINITIALIZED_AUTOS = YES_AGGRESSIVE;
				GCC_WARN_UNUSED_FUNCTION = YES;
				GCC_WARN_UNUSED_VARIABLE = YES;
				IPHONEOS_DEPLOYMENT_TARGET = 14.4;
				MTL_ENABLE_DEBUG_INFO = INCLUDE_SOURCE;
				MTL_FAST_MATH = YES;
				ONLY_ACTIVE_ARCH = YES;
				SDKROOT = iphoneos;
				SWIFT_ACTIVE_COMPILATION_CONDITIONS = DEBUG;
				SWIFT_OPTIMIZATION_LEVEL = "-Onone";
			};
			name = Debug;
		};
		110FAC04260E055300BFD6C1 /* Release */ = {
			isa = XCBuildConfiguration;
			buildSettings = {
				ALWAYS_SEARCH_USER_PATHS = NO;
				CLANG_ANALYZER_NONNULL = YES;
				CLANG_ANALYZER_NUMBER_OBJECT_CONVERSION = YES_AGGRESSIVE;
				CLANG_CXX_LANGUAGE_STANDARD = "gnu++14";
				CLANG_CXX_LIBRARY = "libc++";
				CLANG_ENABLE_MODULES = YES;
				CLANG_ENABLE_OBJC_ARC = YES;
				CLANG_ENABLE_OBJC_WEAK = YES;
				CLANG_WARN_BLOCK_CAPTURE_AUTORELEASING = YES;
				CLANG_WARN_BOOL_CONVERSION = YES;
				CLANG_WARN_COMMA = YES;
				CLANG_WARN_CONSTANT_CONVERSION = YES;
				CLANG_WARN_DEPRECATED_OBJC_IMPLEMENTATIONS = YES;
				CLANG_WARN_DIRECT_OBJC_ISA_USAGE = YES_ERROR;
				CLANG_WARN_DOCUMENTATION_COMMENTS = YES;
				CLANG_WARN_EMPTY_BODY = YES;
				CLANG_WARN_ENUM_CONVERSION = YES;
				CLANG_WARN_INFINITE_RECURSION = YES;
				CLANG_WARN_INT_CONVERSION = YES;
				CLANG_WARN_NON_LITERAL_NULL_CONVERSION = YES;
				CLANG_WARN_OBJC_IMPLICIT_RETAIN_SELF = YES;
				CLANG_WARN_OBJC_LITERAL_CONVERSION = YES;
				CLANG_WARN_OBJC_ROOT_CLASS = YES_ERROR;
				CLANG_WARN_QUOTED_INCLUDE_IN_FRAMEWORK_HEADER = YES;
				CLANG_WARN_RANGE_LOOP_ANALYSIS = YES;
				CLANG_WARN_STRICT_PROTOTYPES = YES;
				CLANG_WARN_SUSPICIOUS_MOVE = YES;
				CLANG_WARN_UNGUARDED_AVAILABILITY = YES_AGGRESSIVE;
				CLANG_WARN_UNREACHABLE_CODE = YES;
				CLANG_WARN__DUPLICATE_METHOD_MATCH = YES;
				COPY_PHASE_STRIP = NO;
				DEBUG_INFORMATION_FORMAT = "dwarf-with-dsym";
				ENABLE_NS_ASSERTIONS = NO;
				ENABLE_STRICT_OBJC_MSGSEND = YES;
				GCC_C_LANGUAGE_STANDARD = gnu11;
				GCC_NO_COMMON_BLOCKS = YES;
				GCC_WARN_64_TO_32_BIT_CONVERSION = YES;
				GCC_WARN_ABOUT_RETURN_TYPE = YES_ERROR;
				GCC_WARN_UNDECLARED_SELECTOR = YES;
				GCC_WARN_UNINITIALIZED_AUTOS = YES_AGGRESSIVE;
				GCC_WARN_UNUSED_FUNCTION = YES;
				GCC_WARN_UNUSED_VARIABLE = YES;
				IPHONEOS_DEPLOYMENT_TARGET = 14.4;
				MTL_ENABLE_DEBUG_INFO = NO;
				MTL_FAST_MATH = YES;
				SDKROOT = iphoneos;
				SWIFT_COMPILATION_MODE = wholemodule;
				SWIFT_OPTIMIZATION_LEVEL = "-O";
				VALIDATE_PRODUCT = YES;
			};
			name = Release;
		};
		110FAC06260E055300BFD6C1 /* Debug */ = {
			isa = XCBuildConfiguration;
			buildSettings = {
				ASSETCATALOG_COMPILER_APPICON_NAME = AppIcon;
				ASSETCATALOG_COMPILER_GLOBAL_ACCENT_COLOR_NAME = AccentColor;
				CODE_SIGN_STYLE = Automatic;
				DEVELOPMENT_TEAM = SZ46K2Z6E6;
				INFOPLIST_FILE = "Keep Your Things/Info.plist";
				IPHONEOS_DEPLOYMENT_TARGET = 13.6;
				LD_RUNPATH_SEARCH_PATHS = (
					"$(inherited)",
					"@executable_path/Frameworks",
				);
				PRODUCT_BUNDLE_IDENTIFIER = "com.amashtay.keepYourThings.Keep-Your-Things";
				PRODUCT_NAME = "$(TARGET_NAME)";
				SWIFT_VERSION = 5.0;
				TARGETED_DEVICE_FAMILY = "1,2";
			};
			name = Debug;
		};
		110FAC07260E055300BFD6C1 /* Release */ = {
			isa = XCBuildConfiguration;
			buildSettings = {
				ASSETCATALOG_COMPILER_APPICON_NAME = AppIcon;
				ASSETCATALOG_COMPILER_GLOBAL_ACCENT_COLOR_NAME = AccentColor;
				CODE_SIGN_STYLE = Automatic;
				DEVELOPMENT_TEAM = SZ46K2Z6E6;
				INFOPLIST_FILE = "Keep Your Things/Info.plist";
				IPHONEOS_DEPLOYMENT_TARGET = 13.6;
				LD_RUNPATH_SEARCH_PATHS = (
					"$(inherited)",
					"@executable_path/Frameworks",
				);
				PRODUCT_BUNDLE_IDENTIFIER = "com.amashtay.keepYourThings.Keep-Your-Things";
				PRODUCT_NAME = "$(TARGET_NAME)";
				SWIFT_VERSION = 5.0;
				TARGETED_DEVICE_FAMILY = "1,2";
			};
			name = Release;
		};
/* End XCBuildConfiguration section */

/* Begin XCConfigurationList section */
		110FABEC260E055200BFD6C1 /* Build configuration list for PBXProject "Keep Your Things" */ = {
			isa = XCConfigurationList;
			buildConfigurations = (
				110FAC03260E055300BFD6C1 /* Debug */,
				110FAC04260E055300BFD6C1 /* Release */,
			);
			defaultConfigurationIsVisible = 0;
			defaultConfigurationName = Release;
		};
		110FAC05260E055300BFD6C1 /* Build configuration list for PBXNativeTarget "Keep Your Things" */ = {
			isa = XCConfigurationList;
			buildConfigurations = (
				110FAC06260E055300BFD6C1 /* Debug */,
				110FAC07260E055300BFD6C1 /* Release */,
			);
			defaultConfigurationIsVisible = 0;
			defaultConfigurationName = Release;
		};
/* End XCConfigurationList section */
	};
	rootObject = 110FABE9260E055200BFD6C1 /* Project object */;
}
